
Microsoft Visual Studio Solution File, Format Version 12.00
# Visual Studio Version 16
VisualStudioVersion = 16.0.34931.43
MinimumVisualStudioVersion = 15.0.26124.0
Project("{2150E333-8FDC-42A3-9474-1A3956D46DE8}") = "domain", "domain", "{5BFF1AB1-F8C3-424C-B216-3937355A6A2E}"
EndProject
Project("{9A19103F-16F7-4668-BE54-9A1E7A4F7556}") = "Store", "domain\Store\Store.csproj", "{47ACF39E-8E35-41DD-9F36-38E21E09CE8D}"
EndProject
Project("{2150E333-8FDC-42A3-9474-1A3956D46DE8}") = "infrastructure", "infrastructure", "{7719684E-A5C0-41B2-8B56-54E5602760D2}"
EndProject
Project("{9A19103F-16F7-4668-BE54-9A1E7A4F7556}") = "Store.Memory", "infrastructure\Store.Memory\Store.Memory.csproj", "{9D3933F1-9D7A-431B-84CB-DEC83E7CF835}"
EndProject
Project("{2150E333-8FDC-42A3-9474-1A3956D46DE8}") = "presentation", "presentation", "{802D3E56-B10A-4F79-A82A-1A85526A7F14}"
EndProject
Project("{9A19103F-16F7-4668-BE54-9A1E7A4F7556}") = "Store.Web", "presentation\Store.Web\Store.Web.csproj", "{89197098-FA18-4547-85E3-215D0F56B3FE}"
EndProject
Project("{9A19103F-16F7-4668-BE54-9A1E7A4F7556}") = "Store.Tests", "domain\Store.Tests\Store.Tests.csproj", "{0D43997D-81E8-4E83-93CA-47C0D98222B1}"
EndProject
Project("{FAE04EC0-301F-11D3-BF4B-00C04F79EFBC}") = "Store.Web.Contractors", "presentation\Store.Web.Contractors\Store.Web.Contractors.csproj", "{A2956CB7-199D-4A45-B94B-054EBE8A68EC}"
EndProject
Project("{2150E333-8FDC-42A3-9474-1A3956D46DE8}") = "plugins", "plugins", "{03CA07F4-2DB1-45E3-ADFB-A5141CF61B2C}"
EndProject
Project("{FAE04EC0-301F-11D3-BF4B-00C04F79EFBC}") = "Store.YandexKassa", "plugins\Store.YandexKassa\Store.YandexKassa.csproj", "{C9ACD4A9-F891-4CD4-9A48-5DE586A9C822}"
EndProject
Global
	GlobalSection(SolutionConfigurationPlatforms) = preSolution
		Debug|Any CPU = Debug|Any CPU
		Debug|x64 = Debug|x64
		Debug|x86 = Debug|x86
		Release|Any CPU = Release|Any CPU
		Release|x64 = Release|x64
		Release|x86 = Release|x86
	EndGlobalSection
	GlobalSection(ProjectConfigurationPlatforms) = postSolution
		{47ACF39E-8E35-41DD-9F36-38E21E09CE8D}.Debug|Any CPU.ActiveCfg = Debug|Any CPU
		{47ACF39E-8E35-41DD-9F36-38E21E09CE8D}.Debug|Any CPU.Build.0 = Debug|Any CPU
		{47ACF39E-8E35-41DD-9F36-38E21E09CE8D}.Debug|x64.ActiveCfg = Debug|Any CPU
		{47ACF39E-8E35-41DD-9F36-38E21E09CE8D}.Debug|x64.Build.0 = Debug|Any CPU
		{47ACF39E-8E35-41DD-9F36-38E21E09CE8D}.Debug|x86.ActiveCfg = Debug|Any CPU
		{47ACF39E-8E35-41DD-9F36-38E21E09CE8D}.Debug|x86.Build.0 = Debug|Any CPU
		{47ACF39E-8E35-41DD-9F36-38E21E09CE8D}.Release|Any CPU.ActiveCfg = Release|Any CPU
		{47ACF39E-8E35-41DD-9F36-38E21E09CE8D}.Release|Any CPU.Build.0 = Release|Any CPU
		{47ACF39E-8E35-41DD-9F36-38E21E09CE8D}.Release|x64.ActiveCfg = Release|Any CPU
		{47ACF39E-8E35-41DD-9F36-38E21E09CE8D}.Release|x64.Build.0 = Release|Any CPU
		{47ACF39E-8E35-41DD-9F36-38E21E09CE8D}.Release|x86.ActiveCfg = Release|Any CPU
		{47ACF39E-8E35-41DD-9F36-38E21E09CE8D}.Release|x86.Build.0 = Release|Any CPU
		{9D3933F1-9D7A-431B-84CB-DEC83E7CF835}.Debug|Any CPU.ActiveCfg = Debug|Any CPU
		{9D3933F1-9D7A-431B-84CB-DEC83E7CF835}.Debug|Any CPU.Build.0 = Debug|Any CPU
		{9D3933F1-9D7A-431B-84CB-DEC83E7CF835}.Debug|x64.ActiveCfg = Debug|Any CPU
		{9D3933F1-9D7A-431B-84CB-DEC83E7CF835}.Debug|x64.Build.0 = Debug|Any CPU
		{9D3933F1-9D7A-431B-84CB-DEC83E7CF835}.Debug|x86.ActiveCfg = Debug|Any CPU
		{9D3933F1-9D7A-431B-84CB-DEC83E7CF835}.Debug|x86.Build.0 = Debug|Any CPU
		{9D3933F1-9D7A-431B-84CB-DEC83E7CF835}.Release|Any CPU.ActiveCfg = Release|Any CPU
		{9D3933F1-9D7A-431B-84CB-DEC83E7CF835}.Release|Any CPU.Build.0 = Release|Any CPU
		{9D3933F1-9D7A-431B-84CB-DEC83E7CF835}.Release|x64.ActiveCfg = Release|Any CPU
		{9D3933F1-9D7A-431B-84CB-DEC83E7CF835}.Release|x64.Build.0 = Release|Any CPU
		{9D3933F1-9D7A-431B-84CB-DEC83E7CF835}.Release|x86.ActiveCfg = Release|Any CPU
		{9D3933F1-9D7A-431B-84CB-DEC83E7CF835}.Release|x86.Build.0 = Release|Any CPU
		{89197098-FA18-4547-85E3-215D0F56B3FE}.Debug|Any CPU.ActiveCfg = Debug|Any CPU
		{89197098-FA18-4547-85E3-215D0F56B3FE}.Debug|Any CPU.Build.0 = Debug|Any CPU
		{89197098-FA18-4547-85E3-215D0F56B3FE}.Debug|x64.ActiveCfg = Debug|Any CPU
		{89197098-FA18-4547-85E3-215D0F56B3FE}.Debug|x64.Build.0 = Debug|Any CPU
		{89197098-FA18-4547-85E3-215D0F56B3FE}.Debug|x86.ActiveCfg = Debug|Any CPU
		{89197098-FA18-4547-85E3-215D0F56B3FE}.Debug|x86.Build.0 = Debug|Any CPU
		{89197098-FA18-4547-85E3-215D0F56B3FE}.Release|Any CPU.ActiveCfg = Release|Any CPU
		{89197098-FA18-4547-85E3-215D0F56B3FE}.Release|Any CPU.Build.0 = Release|Any CPU
		{89197098-FA18-4547-85E3-215D0F56B3FE}.Release|x64.ActiveCfg = Release|Any CPU
		{89197098-FA18-4547-85E3-215D0F56B3FE}.Release|x64.Build.0 = Release|Any CPU
		{89197098-FA18-4547-85E3-215D0F56B3FE}.Release|x86.ActiveCfg = Release|Any CPU
		{89197098-FA18-4547-85E3-215D0F56B3FE}.Release|x86.Build.0 = Release|Any CPU
		{0D43997D-81E8-4E83-93CA-47C0D98222B1}.Debug|Any CPU.ActiveCfg = Debug|Any CPU
		{0D43997D-81E8-4E83-93CA-47C0D98222B1}.Debug|Any CPU.Build.0 = Debug|Any CPU
		{0D43997D-81E8-4E83-93CA-47C0D98222B1}.Debug|x64.ActiveCfg = Debug|Any CPU
		{0D43997D-81E8-4E83-93CA-47C0D98222B1}.Debug|x64.Build.0 = Debug|Any CPU
		{0D43997D-81E8-4E83-93CA-47C0D98222B1}.Debug|x86.ActiveCfg = Debug|Any CPU
		{0D43997D-81E8-4E83-93CA-47C0D98222B1}.Debug|x86.Build.0 = Debug|Any CPU
		{0D43997D-81E8-4E83-93CA-47C0D98222B1}.Release|Any CPU.ActiveCfg = Release|Any CPU
		{0D43997D-81E8-4E83-93CA-47C0D98222B1}.Release|Any CPU.Build.0 = Release|Any CPU
		{0D43997D-81E8-4E83-93CA-47C0D98222B1}.Release|x64.ActiveCfg = Release|Any CPU
		{0D43997D-81E8-4E83-93CA-47C0D98222B1}.Release|x64.Build.0 = Release|Any CPU
		{0D43997D-81E8-4E83-93CA-47C0D98222B1}.Release|x86.ActiveCfg = Release|Any CPU
		{0D43997D-81E8-4E83-93CA-47C0D98222B1}.Release|x86.Build.0 = Release|Any CPU
		{A2956CB7-199D-4A45-B94B-054EBE8A68EC}.Debug|Any CPU.ActiveCfg = Debug|Any CPU
		{A2956CB7-199D-4A45-B94B-054EBE8A68EC}.Debug|Any CPU.Build.0 = Debug|Any CPU
		{A2956CB7-199D-4A45-B94B-054EBE8A68EC}.Debug|x64.ActiveCfg = Debug|Any CPU
		{A2956CB7-199D-4A45-B94B-054EBE8A68EC}.Debug|x64.Build.0 = Debug|Any CPU
		{A2956CB7-199D-4A45-B94B-054EBE8A68EC}.Debug|x86.ActiveCfg = Debug|Any CPU
		{A2956CB7-199D-4A45-B94B-054EBE8A68EC}.Debug|x86.Build.0 = Debug|Any CPU
		{A2956CB7-199D-4A45-B94B-054EBE8A68EC}.Release|Any CPU.ActiveCfg = Release|Any CPU
		{A2956CB7-199D-4A45-B94B-054EBE8A68EC}.Release|Any CPU.Build.0 = Release|Any CPU
		{A2956CB7-199D-4A45-B94B-054EBE8A68EC}.Release|x64.ActiveCfg = Release|Any CPU
		{A2956CB7-199D-4A45-B94B-054EBE8A68EC}.Release|x64.Build.0 = Release|Any CPU
		{A2956CB7-199D-4A45-B94B-054EBE8A68EC}.Release|x86.ActiveCfg = Release|Any CPU
		{A2956CB7-199D-4A45-B94B-054EBE8A68EC}.Release|x86.Build.0 = Release|Any CPU
		{C9ACD4A9-F891-4CD4-9A48-5DE586A9C822}.Debug|Any CPU.ActiveCfg = Debug|Any CPU
		{C9ACD4A9-F891-4CD4-9A48-5DE586A9C822}.Debug|Any CPU.Build.0 = Debug|Any CPU
		{C9ACD4A9-F891-4CD4-9A48-5DE586A9C822}.Debug|x64.ActiveCfg = Debug|Any CPU
		{C9ACD4A9-F891-4CD4-9A48-5DE586A9C822}.Debug|x64.Build.0 = Debug|Any CPU
		{C9ACD4A9-F891-4CD4-9A48-5DE586A9C822}.Debug|x86.ActiveCfg = Debug|Any CPU
		{C9ACD4A9-F891-4CD4-9A48-5DE586A9C822}.Debug|x86.Build.0 = Debug|Any CPU
		{C9ACD4A9-F891-4CD4-9A48-5DE586A9C822}.Release|Any CPU.ActiveCfg = Release|Any CPU
		{C9ACD4A9-F891-4CD4-9A48-5DE586A9C822}.Release|Any CPU.Build.0 = Release|Any CPU
		{C9ACD4A9-F891-4CD4-9A48-5DE586A9C822}.Release|x64.ActiveCfg = Release|Any CPU
		{C9ACD4A9-F891-4CD4-9A48-5DE586A9C822}.Release|x64.Build.0 = Release|Any CPU
		{C9ACD4A9-F891-4CD4-9A48-5DE586A9C822}.Release|x86.ActiveCfg = Release|Any CPU
		{C9ACD4A9-F891-4CD4-9A48-5DE586A9C822}.Release|x86.Build.0 = Release|Any CPU
	EndGlobalSection
	GlobalSection(SolutionProperties) = preSolution
		HideSolutionNode = FALSE
	EndGlobalSection
	GlobalSection(NestedProjects) = preSolution
		{47ACF39E-8E35-41DD-9F36-38E21E09CE8D} = {5BFF1AB1-F8C3-424C-B216-3937355A6A2E}
		{9D3933F1-9D7A-431B-84CB-DEC83E7CF835} = {7719684E-A5C0-41B2-8B56-54E5602760D2}
		{89197098-FA18-4547-85E3-215D0F56B3FE} = {802D3E56-B10A-4F79-A82A-1A85526A7F14}
		{0D43997D-81E8-4E83-93CA-47C0D98222B1} = {5BFF1AB1-F8C3-424C-B216-3937355A6A2E}
		{A2956CB7-199D-4A45-B94B-054EBE8A68EC} = {802D3E56-B10A-4F79-A82A-1A85526A7F14}
		{C9ACD4A9-F891-4CD4-9A48-5DE586A9C822} = {03CA07F4-2DB1-45E3-ADFB-A5141CF61B2C}
	EndGlobalSection
	GlobalSection(ExtensibilityGlobals) = postSolution
		SolutionGuid = {255763D2-1F3C-43F5-9FD8-CFA37B732DCD}
	EndGlobalSection
EndGlobal
